
Microsoft Visual Studio Solution File, Format Version 12.00
# Visual Studio 2013
VisualStudioVersion = 12.0.31101.0
MinimumVisualStudioVersion = 10.0.40219.1
Project("{CC5FD16D-436D-48AD-A40C-5A424C6E3E79}") = "AzureJavaPaaS", "AzureJavaPaaS\AzureJavaPaaS.ccproj", "{077E37D8-7897-4F9B-B40A-7D5B0B7F2775}"
EndProject
Project("{FAE04EC0-301F-11D3-BF4B-00C04F79EFBC}") = "MyWorkerRole", "MyWorkerRole\MyWorkerRole.csproj", "{82BCE1F6-1DF4-472D-BA80-D00B3843F359}"
EndProject
Global
	GlobalSection(SolutionConfigurationPlatforms) = preSolution
		Debug|Any CPU = Debug|Any CPU
		Release|Any CPU = Release|Any CPU
	EndGlobalSection
	GlobalSection(ProjectConfigurationPlatforms) = postSolution
		{077E37D8-7897-4F9B-B40A-7D5B0B7F2775}.Debug|Any CPU.ActiveCfg = Debug|Any CPU
		{077E37D8-7897-4F9B-B40A-7D5B0B7F2775}.Debug|Any CPU.Build.0 = Debug|Any CPU
		{077E37D8-7897-4F9B-B40A-7D5B0B7F2775}.Release|Any CPU.ActiveCfg = Release|Any CPU
		{077E37D8-7897-4F9B-B40A-7D5B0B7F2775}.Release|Any CPU.Build.0 = Release|Any CPU
		{82BCE1F6-1DF4-472D-BA80-D00B3843F359}.Debug|Any CPU.ActiveCfg = Debug|Any CPU
		{82BCE1F6-1DF4-472D-BA80-D00B3843F359}.Debug|Any CPU.Build.0 = Debug|Any CPU
		{82BCE1F6-1DF4-472D-BA80-D00B3843F359}.Release|Any CPU.ActiveCfg = Release|Any CPU
		{82BCE1F6-1DF4-472D-BA80-D00B3843F359}.Release|Any CPU.Build.0 = Release|Any CPU
	EndGlobalSection
	GlobalSection(SolutionProperties) = preSolution
		HideSolutionNode = FALSE
	EndGlobalSection
EndGlobal
